
Microsoft Visual Studio Solution File, Format Version 12.00
# Visual Studio Version 17
VisualStudioVersion = 17.1.32421.90
MinimumVisualStudioVersion = 10.0.40219.1
Project("{FAE04EC0-301F-11D3-BF4B-00C04F79EFBC}") = "ConvertServices", "ConvertServices\ConvertServices.csproj", "{898235E5-C7C6-4DB6-A0CB-5B1952D282DA}"
EndProject
Global
	GlobalSection(SolutionConfigurationPlatforms) = preSolution
		Debug|Any CPU = Debug|Any CPU
		Release|Any CPU = Release|Any CPU
	EndGlobalSection
	GlobalSection(ProjectConfigurationPlatforms) = postSolution
		{898235E5-C7C6-4DB6-A0CB-5B1952D282DA}.Debug|Any CPU.ActiveCfg = Debug|Any CPU
		{898235E5-C7C6-4DB6-A0CB-5B1952D282DA}.Debug|Any CPU.Build.0 = Debug|Any CPU
		{898235E5-C7C6-4DB6-A0CB-5B1952D282DA}.Release|Any CPU.ActiveCfg = Release|Any CPU
		{898235E5-C7C6-4DB6-A0CB-5B1952D282DA}.Release|Any CPU.Build.0 = Release|Any CPU
	EndGlobalSection
	GlobalSection(SolutionProperties) = preSolution
		HideSolutionNode = FALSE
	EndGlobalSection
	GlobalSection(ExtensibilityGlobals) = postSolution
		SolutionGuid = {E9B4795A-9FF2-483E-AF68-AE275EA3E544}
	EndGlobalSection
EndGlobal
