
Microsoft Visual Studio Solution File, Format Version 12.00
# Visual Studio Version 17
VisualStudioVersion = 17.1.32421.90
MinimumVisualStudioVersion = 10.0.40219.1
Project("{FAE04EC0-301F-11D3-BF4B-00C04F79EFBC}") = "ProductApp", "ProductApp\ProductApp.csproj", "{95717C9E-4FB5-41B1-8D23-40D90AF26FFA}"
EndProject
Global
	GlobalSection(SolutionConfigurationPlatforms) = preSolution
		Debug|Any CPU = Debug|Any CPU
		Release|Any CPU = Release|Any CPU
	EndGlobalSection
	GlobalSection(ProjectConfigurationPlatforms) = postSolution
		{95717C9E-4FB5-41B1-8D23-40D90AF26FFA}.Debug|Any CPU.ActiveCfg = Debug|Any CPU
		{95717C9E-4FB5-41B1-8D23-40D90AF26FFA}.Debug|Any CPU.Build.0 = Debug|Any CPU
		{95717C9E-4FB5-41B1-8D23-40D90AF26FFA}.Release|Any CPU.ActiveCfg = Release|Any CPU
		{95717C9E-4FB5-41B1-8D23-40D90AF26FFA}.Release|Any CPU.Build.0 = Release|Any CPU
	EndGlobalSection
	GlobalSection(SolutionProperties) = preSolution
		HideSolutionNode = FALSE
	EndGlobalSection
	GlobalSection(ExtensibilityGlobals) = postSolution
		SolutionGuid = {7A699171-FA21-4E48-9898-2C72CB36BA24}
	EndGlobalSection
EndGlobal
